{
  "name": "aws4fetch-example",
  "version": "1.0.0",
  "lockfileVersion": 1,
  "requires": true,
  "dependencies": {
    "fsevents": {
      "version": "2.1.2",
      "resolved": "https://registry.npmjs.org/fsevents/-/fsevents-2.1.2.tgz",
      "integrity": "sha512-R4wDiBwZ0KzpgOWetKDug1FZcYhqYnUYKtfZYt4mD5SBz76q0KR4Q9o7GIPamsVPGmW3EYPPJ0dOOjvx32ldZA==",
      "dev": true,
      "optional": true
    },
    "rollup": {
      "version": "2.3.3",
      "resolved": "https://registry.npmjs.org/rollup/-/rollup-2.3.3.tgz",
      "integrity": "sha512-uJ9VNWk80mb4wDCSfd1AyHoSc9TrWbkZtnO6wbsMTp9muSWkT26Dvc99MX1yGCOTvUN1Skw/KpFzKdUDuZKTXA==",
      "dev": true,
      "requires": {
        "fsevents": "~2.1.2"
      }
    }
  }
}
