{
  "name": "aws4fetch-example",
  "version": "1.0.0",
  "lockfileVersion": 1,
  "requires": true,
  "dependencies": {
    "fsevents": {
      "version": "2.1.3",
      "resolved": "https://registry.npmjs.org/fsevents/-/fsevents-2.1.3.tgz",
      "integrity": "sha512-Auw9a4AxqWpa9GUfj370BMPzzyncfBABW8Mab7BGWBYDj4Isgq+cDKtx0i6u9jcX9pQDnswsaaOTgTmA5pEjuQ==",
      "dev": true,
      "optional": true
    },
    "rollup": {
      "version": "2.10.5",
      "resolved": "https://registry.npmjs.org/rollup/-/rollup-2.10.5.tgz",
      "integrity": "sha512-05WRM/tjmPYwhOBvm/G9Qwa/HnAqn0TK0XxLDLQzoM4XdSmKjPBvhBl+U+Q/C6VJsucljyTQjGkZD503mjbPQg==",
      "dev": true,
      "requires": {
        "fsevents": "~2.1.2"
      }
    }
  }
}
